{
  "name": "website-navigation",
  "version": "1.0.0",
  "lockfileVersion": 1,
  "requires": true,
  "dependencies": {
    "@babel/code-frame": {
      "version": "7.0.0",
      "resolved": "http://registry.npm.taobao.org/@babel/code-frame/download/@babel/code-frame-7.0.0.tgz",
      "dev": true,
      "requires": {
        "@babel/highlight": "^7.0.0"
      }
    },
    "@babel/highlight": {
      "version": "7.0.0",
      "resolved": "http://registry.npm.taobao.org/@babel/highlight/download/@babel/highlight-7.0.0.tgz",
      "dev": true,
      "requires": {
        "chalk": "^2.0.0",
        "esutils": "^2.0.2",
        "js-tokens": "^4.0.0"
      },
      "dependencies": {
        "chalk": {
          "version": "http://registry.npm.taobao.org/chalk/download/chalk-2.4.2.tgz?cache=0&other_urls=http%3A%2F%2Fregistry.npm.taobao.org%2Fchalk%2Fdownload%2Fchalk-2.4.2.tgz",
          "bundled": true
        },
        "esutils": {
          "version": "http://registry.npm.taobao.org/esutils/download/esutils-2.0.2.tgz",
          "bundled": true
        },
        "js-tokens": {
          "version": "http://registry.npm.taobao.org/js-tokens/download/js-tokens-4.0.0.tgz",
          "bundled": true
        }
      }
    },
    "acorn": {
      "version": "6.1.1",
      "resolved": "http://registry.npm.taobao.org/acorn/download/acorn-6.1.1.tgz",
      "dev": true
    },
    "ansi-escapes": {
      "version": "3.2.0",
      "resolved": "http://registry.npm.taobao.org/ansi-escapes/download/ansi-escapes-3.2.0.tgz",
      "dev": true
    },
    "ansi-regex": {
      "version": "4.1.0",
      "resolved": "http://registry.npm.taobao.org/ansi-regex/download/ansi-regex-4.1.0.tgz",
      "dev": true
    },
    "array-includes": {
      "version": "3.0.3",
      "resolved": "https://registry.npmjs.org/array-includes/-/array-includes-3.0.3.tgz",
      "integrity": "sha1-GEtI9i2S10UrsxsyMWXH+L0CJm0=",
      "dev": true,
      "requires": {
        "define-properties": "^1.1.2",
        "es-abstract": "^1.7.0"
      }
    },
    "balanced-match": {
      "version": "1.0.0",
      "resolved": "http://registry.npm.taobao.org/balanced-match/download/balanced-match-1.0.0.tgz",
      "dev": true
    },
    "brace-expansion": {
      "version": "1.1.11",
      "resolved": "http://registry.npm.taobao.org/brace-expansion/download/brace-expansion-1.1.11.tgz",
      "dev": true,
      "requires": {
        "balanced-match": "^1.0.0"
      },
      "dependencies": {
        "balanced-match": {
          "version": "http://registry.npm.taobao.org/balanced-match/download/balanced-match-1.0.0.tgz",
          "bundled": true
        },
        "concat-map": {
          "version": "http://registry.npm.taobao.org/concat-map/download/concat-map-0.0.1.tgz",
          "bundled": true
        }
      }
    },
    "chalk": {
      "version": "2.4.2",
      "resolved": "http://registry.npm.taobao.org/chalk/download/chalk-2.4.2.tgz?cache=0&other_urls=http%3A%2F%2Fregistry.npm.taobao.org%2Fchalk%2Fdownload%2Fchalk-2.4.2.tgz",
      "dev": true,
      "requires": {
        "escape-string-regexp": "^1.0.5"
      },
      "dependencies": {
        "ansi-styles": {
          "version": "http://registry.npm.taobao.org/ansi-styles/download/ansi-styles-3.2.1.tgz",
          "bundled": true
        },
        "escape-string-regexp": {
          "version": "http://registry.npm.taobao.org/escape-string-regexp/download/escape-string-regexp-1.0.5.tgz",
          "bundled": true
        },
        "supports-color": {
          "version": "http://registry.npm.taobao.org/supports-color/download/supports-color-5.5.0.tgz",
          "bundled": true
        }
      }
    },
    "cli-width": {
      "version": "2.2.0",
      "resolved": "http://registry.npm.taobao.org/cli-width/download/cli-width-2.2.0.tgz",
      "dev": true
    },
    "contains-path": {
      "version": "0.1.0",
      "resolved": "https://registry.npmjs.org/contains-path/-/contains-path-0.1.0.tgz",
      "integrity": "sha1-/ozxhP9mcLa67wGp1IYaXL7EEgo=",
      "dev": true
    },
    "define-properties": {
      "version": "1.1.3",
      "resolved": "http://registry.npm.taobao.org/define-properties/download/define-properties-1.1.3.tgz",
      "dev": true,
      "requires": {
        "object-keys": "^1.0.12"
      },
      "dependencies": {
        "object-keys": {
          "version": "http://registry.npm.taobao.org/object-keys/download/object-keys-1.1.1.tgz"
        }
      }
    },
    "error-ex": {
      "version": "1.3.2",
      "resolved": "https://registry.npmjs.org/error-ex/-/error-ex-1.3.2.tgz",
      "integrity": "sha512-7dFHNmqeFSEt2ZBsCriorKnn3Z2pj+fd9kmI6QoWw4//DL+icEBfc0U7qJCisqrTsKTjw4fNFy2pW9OqStD84g==",
      "dev": true,
      "requires": {
        "is-arrayish": "^0.2.1"
      }
    },
    "es-abstract": {
      "version": "1.13.0",
      "resolved": "http://registry.npm.taobao.org/es-abstract/download/es-abstract-1.13.0.tgz",
      "dev": true,
      "requires": {
        "function-bind": "^1.1.1",
        "has": "^1.0.3",
        "object-keys": "^1.0.12"
      },
      "dependencies": {
        "es-to-primitive": {
          "version": "http://registry.npm.taobao.org/es-to-primitive/download/es-to-primitive-1.2.0.tgz",
          "bundled": true
        },
        "function-bind": {
          "version": "http://registry.npm.taobao.org/function-bind/download/function-bind-1.1.1.tgz",
          "bundled": true
        },
        "has": {
          "version": "http://registry.npm.taobao.org/has/download/has-1.0.3.tgz",
          "bundled": true
        },
        "is-callable": {
          "version": "http://registry.npm.taobao.org/is-callable/download/is-callable-1.1.4.tgz",
          "bundled": true
        },
        "is-regex": {
          "version": "http://registry.npm.taobao.org/is-regex/download/is-regex-1.0.4.tgz",
          "bundled": true,
          "dependencies": {
            "has": {
              "version": "http://registry.npm.taobao.org/has/download/has-1.0.3.tgz",
              "dependencies": {
                "function-bind": {
                  "version": "http://registry.npm.taobao.org/function-bind/download/function-bind-1.1.1.tgz",
                  "bundled": true
                }
              }
            }
          }
        },
        "object-keys": {
          "version": "http://registry.npm.taobao.org/object-keys/download/object-keys-1.1.1.tgz",
          "bundled": true
        }
      }
    },
    "escape-string-regexp": {
      "version": "1.0.5",
      "resolved": "http://registry.npm.taobao.org/escape-string-regexp/download/escape-string-regexp-1.0.5.tgz",
      "dev": true
    },
    "eslint": {
      "version": "5.16.0",
      "resolved": "https://registry.npmjs.org/eslint/-/eslint-5.16.0.tgz",
      "integrity": "sha512-S3Rz11i7c8AA5JPv7xAH+dOyq/Cu/VXHiHXBPOU1k/JAM5dXqQPt3qcrhpHSorXmrpu2g0gkIBVXAqCpzfoZIg==",
      "dev": true,
      "requires": {
        "@babel/code-frame": "^7.0.0",
        "ajv": "^6.9.1",
        "chalk": "^2.1.0",
        "cross-spawn": "^6.0.5",
        "debug": "^4.0.1",
        "doctrine": "^3.0.0",
        "eslint-scope": "^4.0.3",
        "eslint-utils": "^1.3.1",
        "eslint-visitor-keys": "^1.0.0",
        "espree": "^5.0.1",
        "esquery": "^1.0.1",
        "esutils": "^2.0.2",
        "file-entry-cache": "^5.0.1",
        "functional-red-black-tree": "^1.0.1",
        "glob": "^7.1.2",
        "globals": "^11.7.0",
        "ignore": "^4.0.6",
        "import-fresh": "^3.0.0",
        "imurmurhash": "^0.1.4",
        "inquirer": "^6.2.2",
        "js-yaml": "^3.13.0",
        "json-stable-stringify-without-jsonify": "^1.0.1",
        "levn": "^0.3.0",
        "lodash": "^4.17.11",
        "minimatch": "^3.0.4",
        "mkdirp": "^0.5.1",
        "natural-compare": "^1.4.0",
        "optionator": "^0.8.2",
        "path-is-inside": "^1.0.2",
        "progress": "^2.0.0",
        "regexpp": "^2.0.1",
        "semver": "^5.5.1",
        "strip-ansi": "^4.0.0",
        "strip-json-comments": "^2.0.1",
        "table": "^5.2.3",
        "text-table": "^0.2.0"
      },
      "dependencies": {
        "ajv": {
          "version": "6.10.0",
          "resolved": "https://registry.npmjs.org/ajv/-/ajv-6.10.0.tgz",
          "integrity": "sha512-nffhOpkymDECQyR0mnsUtoCE8RlX38G0rYP+wgLWFyZuUyuuojSSvi/+euOiQBIn63whYwYVIIH1TvE3tu4OEg==",
          "dev": true,
          "requires": {
            "fast-deep-equal": "^2.0.1",
            "fast-json-stable-stringify": "^2.0.0",
            "json-schema-traverse": "^0.4.1",
            "uri-js": "^4.2.2"
          }
        },
        "ansi-regex": {
          "version": "3.0.0",
          "resolved": "https://registry.npmjs.org/ansi-regex/-/ansi-regex-3.0.0.tgz",
          "integrity": "sha1-7QMXwyIGT3lGbAKWa922Bas32Zg=",
          "dev": true
        },
        "cross-spawn": {
          "version": "6.0.5",
          "resolved": "https://registry.npmjs.org/cross-spawn/-/cross-spawn-6.0.5.tgz",
          "integrity": "sha512-eTVLrBSt7fjbDygz805pMnstIs2VTBNkRm0qxZd+M7A5XDdxVRWO5MxGBXZhjY4cqLYLdtrGqRf8mBPmzwSpWQ==",
          "dev": true,
          "requires": {
            "nice-try": "^1.0.4",
            "path-key": "^2.0.1",
            "semver": "^5.5.0",
            "shebang-command": "^1.2.0",
            "which": "^1.2.9"
          }
        },
        "debug": {
          "version": "4.1.1",
          "resolved": "https://registry.npmjs.org/debug/-/debug-4.1.1.tgz",
          "integrity": "sha512-pYAIzeRo8J6KPEaJ0VWOh5Pzkbw/RetuzehGM7QRRX5he4fPHx2rdKMB256ehJCkX+XRQm16eZLqLNS8RSZXZw==",
          "dev": true,
          "requires": {
            "ms": "^2.1.1"
          }
        },
        "doctrine": {
          "version": "3.0.0",
          "resolved": "https://registry.npmjs.org/doctrine/-/doctrine-3.0.0.tgz",
          "integrity": "sha512-yS+Q5i3hBf7GBkd4KG8a7eBNNWNGLTaEwwYWUijIYM7zrlYDM0BFXHjjPWlWZ1Rg7UaddZeIDmi9jF3HmqiQ2w==",
          "dev": true,
          "requires": {
            "esutils": "^2.0.2"
          }
        },
        "eslint-utils": {
          "version": "1.3.1",
          "resolved": "https://registry.npmjs.org/eslint-utils/-/eslint-utils-1.3.1.tgz",
          "integrity": "sha512-Z7YjnIldX+2XMcjr7ZkgEsOj/bREONV60qYeB/bjMAqqqZ4zxKyWX+BOUkdmRmA9riiIPVvo5x86m5elviOk0Q==",
          "dev": true
        },
        "eslint-visitor-keys": {
          "version": "1.0.0",
          "resolved": "https://registry.npmjs.org/eslint-visitor-keys/-/eslint-visitor-keys-1.0.0.tgz",
          "integrity": "sha512-qzm/XxIbxm/FHyH341ZrbnMUpe+5Bocte9xkmFMzPMjRaZMcXww+MpBptFvtU+79L362nqiLhekCxCxDPaUMBQ==",
          "dev": true
        },
        "esutils": {
          "version": "2.0.2",
          "resolved": "https://registry.npmjs.org/esutils/-/esutils-2.0.2.tgz",
          "integrity": "sha1-Cr9PHKpbyx96nYrMbepPqqBLrJs=",
          "dev": true
        },
        "fast-deep-equal": {
          "version": "2.0.1",
          "resolved": "https://registry.npmjs.org/fast-deep-equal/-/fast-deep-equal-2.0.1.tgz",
          "integrity": "sha1-ewUhjd+WZ79/Nwv3/bLLFf3Qqkk=",
          "dev": true
        },
        "fast-json-stable-stringify": {
          "version": "2.0.0",
          "resolved": "https://registry.npmjs.org/fast-json-stable-stringify/-/fast-json-stable-stringify-2.0.0.tgz",
          "integrity": "sha1-1RQsDK7msRifh9OnYREGT4bIu/I=",
          "dev": true
        },
        "globals": {
          "version": "11.11.0",
          "resolved": "https://registry.npmjs.org/globals/-/globals-11.11.0.tgz",
          "integrity": "sha512-WHq43gS+6ufNOEqlrDBxVEbb8ntfXrfAUU2ZOpCxrBdGKW3gyv8mCxAfIBD0DroPKGrJ2eSsXsLtY9MPntsyTw==",
          "dev": true
        },
        "natural-compare": {
          "version": "1.4.0",
          "resolved": "https://registry.npmjs.org/natural-compare/-/natural-compare-1.4.0.tgz",
          "integrity": "sha1-Sr6/7tdUHywnrPspvbvRXI1bpPc=",
          "dev": true
        },
        "nice-try": {
          "version": "1.0.5",
          "resolved": "https://registry.npmjs.org/nice-try/-/nice-try-1.0.5.tgz",
          "integrity": "sha512-1nh45deeb5olNY7eX82BkPO7SSxR5SSYJiPTrTdFUVYwAl8CKMA5N9PjTYkHiRjisVcxcQ1HXdLhx2qxxJzLNQ==",
          "dev": true
        },
        "path-is-inside": {
          "version": "1.0.2",
          "resolved": "https://registry.npmjs.org/path-is-inside/-/path-is-inside-1.0.2.tgz",
          "integrity": "sha1-NlQX3t5EQw0cEa9hAn+s8HS9/FM=",
          "dev": true
        },
        "path-key": {
          "version": "2.0.1",
          "resolved": "https://registry.npmjs.org/path-key/-/path-key-2.0.1.tgz",
          "integrity": "sha1-QRyttXTFoUDTpLGRDUDYDMn0C0A=",
          "dev": true
        },
        "progress": {
          "version": "2.0.3",
          "resolved": "https://registry.npmjs.org/progress/-/progress-2.0.3.tgz",
          "integrity": "sha512-7PiHtLll5LdnKIMw100I+8xJXR5gW2QwWYkT6iJva0bXitZKa/XMrSbdmg3r2Xnaidz9Qumd0VPaMrZlF9V9sA==",
          "dev": true
        },
        "semver": {
          "version": "5.7.0",
          "resolved": "https://registry.npmjs.org/semver/-/semver-5.7.0.tgz",
          "integrity": "sha512-Ya52jSX2u7QKghxeoFGpLwCtGlt7j0oY9DYb5apt9nPlJ42ID+ulTXESnt/qAQcoSERyZ5sl3LDIOw0nAn/5DA==",
          "dev": true
        },
        "strip-ansi": {
          "version": "4.0.0",
          "resolved": "https://registry.npmjs.org/strip-ansi/-/strip-ansi-4.0.0.tgz",
          "integrity": "sha1-qEeQIusaw2iocTibY1JixQXuNo8=",
          "dev": true,
          "requires": {
            "ansi-regex": "^3.0.0"
          }
        }
      }
    },
    "eslint-config-airbnb-base": {
      "version": "13.1.0",
      "resolved": "https://registry.npmjs.org/eslint-config-airbnb-base/-/eslint-config-airbnb-base-13.1.0.tgz",
      "integrity": "sha512-XWwQtf3U3zIoKO1BbHh6aUhJZQweOwSt4c2JrPDg9FP3Ltv3+YfEv7jIDB8275tVnO/qOHbfuYg3kzw6Je7uWw==",
      "dev": true,
      "requires": {
        "eslint-restricted-globals": "^0.1.1",
        "object.assign": "^4.1.0",
        "object.entries": "^1.0.4"
      }
    },
    "eslint-import-resolver-node": {
      "version": "0.3.2",
      "resolved": "https://registry.npmjs.org/eslint-import-resolver-node/-/eslint-import-resolver-node-0.3.2.tgz",
      "integrity": "sha512-sfmTqJfPSizWu4aymbPr4Iidp5yKm8yDkHp+Ir3YiTHiiDfxh69mOUsmiqW6RZ9zRXFaF64GtYmN7e+8GHBv6Q==",
      "dev": true,
      "requires": {
        "debug": "^2.6.9",
        "resolve": "^1.5.0"
      },
      "dependencies": {
        "debug": {
          "version": "2.6.9",
          "resolved": "https://registry.npmjs.org/debug/-/debug-2.6.9.tgz",
          "integrity": "sha512-bC7ElrdJaJnPbAP+1EotYvqZsb3ecl5wi6Bfi6BJTUcNowp6cvspg0jXznRTKDjm/E7AdgFBVeAPVMNcKGsHMA==",
          "dev": true,
          "requires": {
            "ms": "2.0.0"
          }
        },
        "ms": {
          "version": "2.0.0",
          "resolved": "https://registry.npmjs.org/ms/-/ms-2.0.0.tgz",
          "integrity": "sha1-VgiurfwAvmwpAd9fmGF4jeDVl8g=",
          "dev": true
        }
      }
    },
    "eslint-module-utils": {
      "version": "2.4.0",
      "resolved": "https://registry.npmjs.org/eslint-module-utils/-/eslint-module-utils-2.4.0.tgz",
      "integrity": "sha512-14tltLm38Eu3zS+mt0KvILC3q8jyIAH518MlG+HO0p+yK885Lb1UHTY/UgR91eOyGdmxAPb+OLoW4znqIT6Ndw==",
      "dev": true,
      "requires": {
        "debug": "^2.6.8",
        "pkg-dir": "^2.0.0"
      },
      "dependencies": {
        "debug": {
          "version": "2.6.9",
          "resolved": "https://registry.npmjs.org/debug/-/debug-2.6.9.tgz",
          "integrity": "sha512-bC7ElrdJaJnPbAP+1EotYvqZsb3ecl5wi6Bfi6BJTUcNowp6cvspg0jXznRTKDjm/E7AdgFBVeAPVMNcKGsHMA==",
          "dev": true,
          "requires": {
            "ms": "2.0.0"
          }
        },
        "ms": {
          "version": "2.0.0",
          "resolved": "https://registry.npmjs.org/ms/-/ms-2.0.0.tgz",
          "integrity": "sha1-VgiurfwAvmwpAd9fmGF4jeDVl8g=",
          "dev": true
        }
      }
    },
    "eslint-plugin-import": {
      "version": "2.17.2",
      "resolved": "https://registry.npmjs.org/eslint-plugin-import/-/eslint-plugin-import-2.17.2.tgz",
      "integrity": "sha512-m+cSVxM7oLsIpmwNn2WXTJoReOF9f/CtLMo7qOVmKd1KntBy0hEcuNZ3erTmWjx+DxRO0Zcrm5KwAvI9wHcV5g==",
      "dev": true,
      "requires": {
        "array-includes": "^3.0.3",
        "contains-path": "^0.1.0",
        "debug": "^2.6.9",
        "doctrine": "1.5.0",
        "eslint-import-resolver-node": "^0.3.2",
        "eslint-module-utils": "^2.4.0",
        "has": "^1.0.3",
        "lodash": "^4.17.11",
        "minimatch": "^3.0.4",
        "read-pkg-up": "^2.0.0",
        "resolve": "^1.10.0"
      },
      "dependencies": {
        "debug": {
          "version": "2.6.9",
          "resolved": "https://registry.npmjs.org/debug/-/debug-2.6.9.tgz",
          "integrity": "sha512-bC7ElrdJaJnPbAP+1EotYvqZsb3ecl5wi6Bfi6BJTUcNowp6cvspg0jXznRTKDjm/E7AdgFBVeAPVMNcKGsHMA==",
          "dev": true,
          "requires": {
            "ms": "2.0.0"
          }
        },
        "doctrine": {
          "version": "1.5.0",
          "resolved": "https://registry.npmjs.org/doctrine/-/doctrine-1.5.0.tgz",
          "integrity": "sha1-N53Ocw9hZvds76TmcHoVmwLFpvo=",
          "dev": true,
          "requires": {
            "esutils": "^2.0.2",
            "isarray": "^1.0.0"
          }
        },
        "ms": {
          "version": "2.0.0",
          "resolved": "https://registry.npmjs.org/ms/-/ms-2.0.0.tgz",
          "integrity": "sha1-VgiurfwAvmwpAd9fmGF4jeDVl8g=",
          "dev": true
        }
      }
    },
    "eslint-restricted-globals": {
      "version": "0.1.1",
      "resolved": "http://registry.npm.taobao.org/eslint-restricted-globals/download/eslint-restricted-globals-0.1.1.tgz",
      "dev": true
    },
    "eslint-scope": {
      "version": "4.0.3",
      "resolved": "http://registry.npm.taobao.org/eslint-scope/download/eslint-scope-4.0.3.tgz",
      "dev": true,
      "dependencies": {
        "esrecurse": {
          "version": "http://registry.npm.taobao.org/esrecurse/download/esrecurse-4.2.1.tgz",
          "bundled": true
        },
        "estraverse": {
          "version": "http://registry.npm.taobao.org/estraverse/download/estraverse-4.2.0.tgz",
          "bundled": true
        }
      }
    },
    "espree": {
      "version": "5.0.1",
      "resolved": "http://registry.npm.taobao.org/espree/download/espree-5.0.1.tgz",
      "dev": true,
      "requires": {
        "acorn": "^6.0.7"
      },
      "dependencies": {
        "acorn": {
          "version": "http://registry.npm.taobao.org/acorn/download/acorn-6.1.1.tgz",
          "bundled": true
        },
        "acorn-jsx": {
          "version": "http://registry.npm.taobao.org/acorn-jsx/download/acorn-jsx-5.0.1.tgz",
          "bundled": true
        },
        "eslint-visitor-keys": {
          "version": "http://registry.npm.taobao.org/eslint-visitor-keys/download/eslint-visitor-keys-1.0.0.tgz",
          "bundled": true
        }
      }
    },
    "esprima": {
      "version": "4.0.1",
      "resolved": "http://registry.npm.taobao.org/esprima/download/esprima-4.0.1.tgz",
      "dev": true
    },
    "esquery": {
      "version": "1.0.1",
      "resolved": "http://registry.npm.taobao.org/esquery/download/esquery-1.0.1.tgz",
      "dev": true,
      "dependencies": {
        "estraverse": {
          "version": "http://registry.npm.taobao.org/estraverse/download/estraverse-4.2.0.tgz",
          "bundled": true
        }
      }
    },
    "esutils": {
      "version": "2.0.2",
      "resolved": "http://registry.npm.taobao.org/esutils/download/esutils-2.0.2.tgz",
      "dev": true
    },
    "external-editor": {
      "version": "3.0.3",
      "resolved": "http://registry.npm.taobao.org/external-editor/download/external-editor-3.0.3.tgz",
      "dev": true,
      "dependencies": {
        "chardet": {
          "version": "http://registry.npm.taobao.org/chardet/download/chardet-0.7.0.tgz",
          "bundled": true
        },
        "iconv-lite": {
          "version": "http://registry.npm.taobao.org/iconv-lite/download/iconv-lite-0.4.24.tgz",
          "bundled": true
        },
        "tmp": {
          "version": "http://registry.npm.taobao.org/tmp/download/tmp-0.0.33.tgz",
          "bundled": true
        }
      }
    },
    "figures": {
      "version": "2.0.0",
      "resolved": "http://registry.npm.taobao.org/figures/download/figures-2.0.0.tgz",
      "dev": true,
      "requires": {
        "escape-string-regexp": "^1.0.5"
      },
      "dependencies": {
        "escape-string-regexp": {
          "version": "http://registry.npm.taobao.org/escape-string-regexp/download/escape-string-regexp-1.0.5.tgz",
          "bundled": true
        }
      }
    },
    "file-entry-cache": {
      "version": "5.0.1",
      "resolved": "http://registry.npm.taobao.org/file-entry-cache/download/file-entry-cache-5.0.1.tgz",
      "dev": true,
      "dependencies": {
        "flat-cache": {
          "version": "http://registry.npm.taobao.org/flat-cache/download/flat-cache-2.0.1.tgz",
          "bundled": true
        }
      }
    },
    "find-up": {
      "version": "2.1.0",
      "resolved": "https://registry.npmjs.org/find-up/-/find-up-2.1.0.tgz",
      "integrity": "sha1-RdG35QbHF93UgndaK3eSCjwMV6c=",
      "dev": true,
      "requires": {
        "locate-path": "^2.0.0"
      }
    },
    "function-bind": {
      "version": "1.1.1",
      "resolved": "http://registry.npm.taobao.org/function-bind/download/function-bind-1.1.1.tgz",
      "dev": true
    },
    "functional-red-black-tree": {
      "version": "1.0.1",
      "resolved": "http://registry.npm.taobao.org/functional-red-black-tree/download/functional-red-black-tree-1.0.1.tgz",
      "dev": true
    },
    "glob": {
      "version": "7.1.3",
      "resolved": "http://registry.npm.taobao.org/glob/download/glob-7.1.3.tgz",
      "dev": true,
      "requires": {
        "minimatch": "^3.0.4"
      },
      "dependencies": {
        "fs.realpath": {
          "version": "http://registry.npm.taobao.org/fs.realpath/download/fs.realpath-1.0.0.tgz",
          "bundled": true
        },
        "inflight": {
          "version": "http://registry.npm.taobao.org/inflight/download/inflight-1.0.6.tgz",
          "bundled": true
        },
        "inherits": {
          "version": "http://registry.npm.taobao.org/inherits/download/inherits-2.0.3.tgz",
          "bundled": true
        },
        "minimatch": {
          "version": "http://registry.npm.taobao.org/minimatch/download/minimatch-3.0.4.tgz",
          "bundled": true
        },
        "once": {
          "version": "http://registry.npm.taobao.org/once/download/once-1.4.0.tgz",
          "bundled": true,
          "dependencies": {
            "wrappy": {
              "version": "http://registry.npm.taobao.org/wrappy/download/wrappy-1.0.2.tgz",
              "bundled": true
            }
          }
        },
        "path-is-absolute": {
          "version": "http://registry.npm.taobao.org/path-is-absolute/download/path-is-absolute-1.0.1.tgz",
          "bundled": true
        }
      }
    },
    "graceful-fs": {
      "version": "4.1.15",
      "resolved": "https://registry.npmjs.org/graceful-fs/-/graceful-fs-4.1.15.tgz",
      "integrity": "sha512-6uHUhOPEBgQ24HM+r6b/QwWfZq+yiFcipKFrOFiBEnWdy5sdzYoi+pJeQaPI5qOLRFqWmAXUPQNsielzdLoecA==",
      "dev": true
    },
    "has": {
      "version": "1.0.3",
      "resolved": "http://registry.npm.taobao.org/has/download/has-1.0.3.tgz",
      "dev": true,
      "requires": {
        "function-bind": "^1.1.1"
      },
      "dependencies": {
        "function-bind": {
          "version": "http://registry.npm.taobao.org/function-bind/download/function-bind-1.1.1.tgz",
          "bundled": true
        }
      }
    },
    "has-symbols": {
      "version": "1.0.0",
      "resolved": "http://registry.npm.taobao.org/has-symbols/download/has-symbols-1.0.0.tgz",
      "dev": true
    },
    "hosted-git-info": {
      "version": "2.7.1",
      "resolved": "https://registry.npmjs.org/hosted-git-info/-/hosted-git-info-2.7.1.tgz",
      "integrity": "sha512-7T/BxH19zbcCTa8XkMlbK5lTo1WtgkFi3GvdWEyNuc4Vex7/9Dqbnpsf4JMydcfj9HCg4zUWFTL3Za6lapg5/w==",
      "dev": true
    },
    "ignore": {
      "version": "4.0.6",
      "resolved": "http://registry.npm.taobao.org/ignore/download/ignore-4.0.6.tgz",
      "dev": true
    },
    "import-fresh": {
      "version": "3.0.0",
      "resolved": "http://registry.npm.taobao.org/import-fresh/download/import-fresh-3.0.0.tgz",
      "dev": true,
      "dependencies": {
        "parent-module": {
          "version": "http://registry.npm.taobao.org/parent-module/download/parent-module-1.0.1.tgz",
          "bundled": true
        },
        "resolve-from": {
          "version": "http://registry.npm.taobao.org/resolve-from/download/resolve-from-4.0.0.tgz",
          "bundled": true
        }
      }
    },
    "imurmurhash": {
      "version": "0.1.4",
      "resolved": "http://registry.npm.taobao.org/imurmurhash/download/imurmurhash-0.1.4.tgz",
      "dev": true
    },
    "inquirer": {
      "version": "6.3.1",
      "resolved": "http://registry.npm.taobao.org/inquirer/download/inquirer-6.3.1.tgz",
      "dev": true,
      "requires": {
        "ansi-escapes": "^3.2.0",
        "chalk": "^2.4.2",
        "cli-width": "^2.0.0",
        "external-editor": "^3.0.3",
        "figures": "^2.0.0",
        "lodash": "^4.17.11",
        "string-width": "^2.1.0",
        "strip-ansi": "^5.1.0"
      },
      "dependencies": {
        "ansi-escapes": {
          "version": "http://registry.npm.taobao.org/ansi-escapes/download/ansi-escapes-3.2.0.tgz",
          "bundled": true
        },
        "ansi-regex": {
          "version": "3.0.0",
          "resolved": "https://registry.npmjs.org/ansi-regex/-/ansi-regex-3.0.0.tgz",
          "integrity": "sha1-7QMXwyIGT3lGbAKWa922Bas32Zg=",
          "dev": true
        },
        "chalk": {
          "version": "http://registry.npm.taobao.org/chalk/download/chalk-2.4.2.tgz?cache=0&other_urls=http%3A%2F%2Fregistry.npm.taobao.org%2Fchalk%2Fdownload%2Fchalk-2.4.2.tgz",
          "bundled": true,
          "dependencies": {
            "ansi-styles": {
              "version": "http://registry.npm.taobao.org/ansi-styles/download/ansi-styles-3.2.1.tgz",
              "bundled": true
            },
            "escape-string-regexp": {
              "version": "http://registry.npm.taobao.org/escape-string-regexp/download/escape-string-regexp-1.0.5.tgz",
              "bundled": true
            },
            "supports-color": {
              "version": "http://registry.npm.taobao.org/supports-color/download/supports-color-5.5.0.tgz",
              "bundled": true
            }
          }
        },
        "cli-cursor": {
          "version": "http://registry.npm.taobao.org/cli-cursor/download/cli-cursor-2.1.0.tgz",
          "bundled": true
        },
        "cli-width": {
          "version": "http://registry.npm.taobao.org/cli-width/download/cli-width-2.2.0.tgz",
          "bundled": true
        },
        "external-editor": {
          "version": "http://registry.npm.taobao.org/external-editor/download/external-editor-3.0.3.tgz",
          "bundled": true
        },
        "figures": {
          "version": "http://registry.npm.taobao.org/figures/download/figures-2.0.0.tgz",
          "bundled": true
        },
        "lodash": {
          "version": "http://registry.npm.taobao.org/lodash/download/lodash-4.17.11.tgz",
          "bundled": true
        },
        "mute-stream": {
          "version": "http://registry.npm.taobao.org/mute-stream/download/mute-stream-0.0.7.tgz",
          "bundled": true
        },
        "run-async": {
          "version": "http://registry.npm.taobao.org/run-async/download/run-async-2.3.0.tgz",
          "bundled": true
        },
        "rxjs": {
          "version": "http://registry.npm.taobao.org/rxjs/download/rxjs-6.4.0.tgz?cache=0&other_urls=http%3A%2F%2Fregistry.npm.taobao.org%2Frxjs%2Fdownload%2Frxjs-6.4.0.tgz",
          "bundled": true
        },
        "string-width": {
          "version": "2.1.1",
          "resolved": "https://registry.npmjs.org/string-width/-/string-width-2.1.1.tgz",
          "integrity": "sha512-nOqH59deCq9SRHlxq1Aw85Jnt4w6KvLKqWVik6oA9ZklXLNIOlqg4F2yrT1MVaTjAqvVwdfeZ7w7aCvJD7ugkw==",
          "dev": true,
          "requires": {
            "is-fullwidth-code-point": "^2.0.0",
            "strip-ansi": "^4.0.0"
          },
          "dependencies": {
            "strip-ansi": {
              "version": "4.0.0",
              "resolved": "https://registry.npmjs.org/strip-ansi/-/strip-ansi-4.0.0.tgz",
              "integrity": "sha1-qEeQIusaw2iocTibY1JixQXuNo8=",
              "dev": true,
              "requires": {
                "ansi-regex": "^3.0.0"
              }
            }
          }
        },
        "strip-ansi": {
          "version": "http://registry.npm.taobao.org/strip-ansi/download/strip-ansi-5.2.0.tgz",
          "bundled": true
        },
        "through": {
          "version": "http://registry.npm.taobao.org/through/download/through-2.3.8.tgz",
          "bundled": true
        }
      }
    },
    "is-arrayish": {
      "version": "0.2.1",
      "resolved": "https://registry.npmjs.org/is-arrayish/-/is-arrayish-0.2.1.tgz",
      "integrity": "sha1-d8mYQFJ6qOyxqLppe4BkWnqSap0=",
      "dev": true
    },
    "is-fullwidth-code-point": {
      "version": "2.0.0",
      "resolved": "http://registry.npm.taobao.org/is-fullwidth-code-point/download/is-fullwidth-code-point-2.0.0.tgz",
      "dev": true
    },
    "isarray": {
      "version": "1.0.0",
      "resolved": "https://registry.npmjs.org/isarray/-/isarray-1.0.0.tgz",
      "integrity": "sha1-u5NdSFgsuhaMBoNJV6VKPgcSTxE=",
      "dev": true
    },
    "js-tokens": {
      "version": "4.0.0",
      "resolved": "http://registry.npm.taobao.org/js-tokens/download/js-tokens-4.0.0.tgz",
      "dev": true
    },
    "js-yaml": {
      "version": "3.13.1",
      "resolved": "http://registry.npm.taobao.org/js-yaml/download/js-yaml-3.13.1.tgz",
      "dev": true,
      "requires": {
        "esprima": "^4.0.0"
      },
      "dependencies": {
        "argparse": {
          "version": "http://registry.npm.taobao.org/argparse/download/argparse-1.0.10.tgz",
          "bundled": true
        },
        "esprima": {
          "version": "http://registry.npm.taobao.org/esprima/download/esprima-4.0.1.tgz",
          "bundled": true
        }
      }
    },
    "json-schema-traverse": {
      "version": "0.4.1",
      "resolved": "http://registry.npm.taobao.org/json-schema-traverse/download/json-schema-traverse-0.4.1.tgz",
      "dev": true
    },
    "json-stable-stringify-without-jsonify": {
      "version": "1.0.1",
      "resolved": "http://registry.npm.taobao.org/json-stable-stringify-without-jsonify/download/json-stable-stringify-without-jsonify-1.0.1.tgz",
      "dev": true
    },
    "levn": {
      "version": "0.3.0",
      "resolved": "http://registry.npm.taobao.org/levn/download/levn-0.3.0.tgz",
      "dev": true,
      "dependencies": {
        "prelude-ls": {
          "version": "http://registry.npm.taobao.org/prelude-ls/download/prelude-ls-1.1.2.tgz",
          "bundled": true
        },
        "type-check": {
          "version": "http://registry.npm.taobao.org/type-check/download/type-check-0.3.2.tgz",
          "bundled": true
        }
      }
    },
    "load-json-file": {
      "version": "2.0.0",
      "resolved": "https://registry.npmjs.org/load-json-file/-/load-json-file-2.0.0.tgz",
      "integrity": "sha1-eUfkIUmvgNaWy/eXvKq8/h/inKg=",
      "dev": true,
      "requires": {
        "graceful-fs": "^4.1.2",
        "parse-json": "^2.2.0",
        "pify": "^2.0.0",
        "strip-bom": "^3.0.0"
      }
    },
    "locate-path": {
      "version": "2.0.0",
      "resolved": "https://registry.npmjs.org/locate-path/-/locate-path-2.0.0.tgz",
      "integrity": "sha1-K1aLJl7slExtnA3pw9u7ygNUzY4=",
      "dev": true,
      "requires": {
        "p-locate": "^2.0.0",
        "path-exists": "^3.0.0"
      }
    },
    "lodash": {
      "version": "4.17.11",
      "resolved": "http://registry.npm.taobao.org/lodash/download/lodash-4.17.11.tgz",
      "dev": true
    },
    "minimatch": {
      "version": "3.0.4",
      "resolved": "http://registry.npm.taobao.org/minimatch/download/minimatch-3.0.4.tgz",
      "dev": true,
      "requires": {
        "brace-expansion": "^1.1.7"
      },
      "dependencies": {
        "brace-expansion": {
          "version": "http://registry.npm.taobao.org/brace-expansion/download/brace-expansion-1.1.11.tgz",
          "bundled": true
        }
      }
    },
    "mkdirp": {
      "version": "0.5.1",
      "resolved": "http://registry.npm.taobao.org/mkdirp/download/mkdirp-0.5.1.tgz",
      "dev": true,
      "dependencies": {
        "minimist": {
          "version": "http://registry.npm.taobao.org/minimist/download/minimist-0.0.8.tgz",
          "bundled": true
        }
      }
    },
    "ms": {
      "version": "2.1.1",
      "resolved": "http://registry.npm.taobao.org/ms/download/ms-2.1.1.tgz",
      "dev": true
    },
    "normalize-package-data": {
      "version": "2.5.0",
      "resolved": "https://registry.npmjs.org/normalize-package-data/-/normalize-package-data-2.5.0.tgz",
      "integrity": "sha512-/5CMN3T0R4XTj4DcGaexo+roZSdSFW/0AOOTROrjxzCG1wrWXEsGbRKevjlIL+ZDE4sZlJr5ED4YW0yqmkK+eA==",
      "dev": true,
      "requires": {
        "hosted-git-info": "^2.1.4",
        "resolve": "^1.10.0",
        "semver": "2 || 3 || 4 || 5",
        "validate-npm-package-license": "^3.0.1"
      }
    },
    "object-keys": {
      "version": "1.1.1",
      "resolved": "http://registry.npm.taobao.org/object-keys/download/object-keys-1.1.1.tgz",
      "dev": true
    },
    "object.assign": {
      "version": "4.1.0",
      "resolved": "http://registry.npm.taobao.org/object.assign/download/object.assign-4.1.0.tgz",
      "dev": true,
      "requires": {
        "define-properties": "^1.1.2",
        "function-bind": "^1.1.1",
        "has-symbols": "^1.0.0",
        "object-keys": "^1.0.11"
      },
      "dependencies": {
        "define-properties": {
          "version": "http://registry.npm.taobao.org/define-properties/download/define-properties-1.1.3.tgz",
          "bundled": true,
          "dependencies": {
            "object-keys": {
              "version": "http://registry.npm.taobao.org/object-keys/download/object-keys-1.1.1.tgz"
            }
          }
        },
        "function-bind": {
          "version": "http://registry.npm.taobao.org/function-bind/download/function-bind-1.1.1.tgz",
          "bundled": true
        },
        "has-symbols": {
          "version": "http://registry.npm.taobao.org/has-symbols/download/has-symbols-1.0.0.tgz",
          "bundled": true
        },
        "object-keys": {
          "version": "http://registry.npm.taobao.org/object-keys/download/object-keys-1.1.1.tgz",
          "bundled": true
        }
      }
    },
    "object.entries": {
      "version": "1.1.0",
      "resolved": "http://registry.npm.taobao.org/object.entries/download/object.entries-1.1.0.tgz",
      "dev": true,
      "requires": {
        "define-properties": "^1.1.3",
        "es-abstract": "^1.12.0",
        "function-bind": "^1.1.1",
        "has": "^1.0.3"
      },
      "dependencies": {
        "define-properties": {
          "version": "http://registry.npm.taobao.org/define-properties/download/define-properties-1.1.3.tgz",
          "bundled": true,
          "dependencies": {
            "object-keys": {
              "version": "http://registry.npm.taobao.org/object-keys/download/object-keys-1.1.1.tgz"
            }
          }
        },
        "es-abstract": {
          "version": "http://registry.npm.taobao.org/es-abstract/download/es-abstract-1.13.0.tgz",
          "bundled": true
        },
        "function-bind": {
          "version": "http://registry.npm.taobao.org/function-bind/download/function-bind-1.1.1.tgz",
          "bundled": true
        },
        "has": {
          "version": "http://registry.npm.taobao.org/has/download/has-1.0.3.tgz",
          "bundled": true,
          "dependencies": {
            "function-bind": {
              "version": "http://registry.npm.taobao.org/function-bind/download/function-bind-1.1.1.tgz",
              "bundled": true
            }
          }
        }
      }
    },
    "optionator": {
      "version": "0.8.2",
      "resolved": "http://registry.npm.taobao.org/optionator/download/optionator-0.8.2.tgz",
      "dev": true,
      "requires": {
        "levn": "~0.3.0"
      },
      "dependencies": {
        "deep-is": {
          "version": "http://registry.npm.taobao.org/deep-is/download/deep-is-0.1.3.tgz",
          "bundled": true
        },
        "fast-levenshtein": {
          "version": "http://registry.npm.taobao.org/fast-levenshtein/download/fast-levenshtein-2.0.6.tgz",
          "bundled": true
        },
        "levn": {
          "version": "http://registry.npm.taobao.org/levn/download/levn-0.3.0.tgz",
          "bundled": true,
          "dependencies": {
            "prelude-ls": {
              "version": "http://registry.npm.taobao.org/prelude-ls/download/prelude-ls-1.1.2.tgz",
              "bundled": true
            },
            "type-check": {
              "version": "http://registry.npm.taobao.org/type-check/download/type-check-0.3.2.tgz",
              "bundled": true
            }
          }
        },
        "prelude-ls": {
          "version": "http://registry.npm.taobao.org/prelude-ls/download/prelude-ls-1.1.2.tgz",
          "bundled": true
        },
        "type-check": {
          "version": "http://registry.npm.taobao.org/type-check/download/type-check-0.3.2.tgz",
          "bundled": true,
          "dependencies": {
            "prelude-ls": {
              "version": "http://registry.npm.taobao.org/prelude-ls/download/prelude-ls-1.1.2.tgz",
              "bundled": true
            }
          }
        },
        "wordwrap": {
          "version": "http://registry.npm.taobao.org/wordwrap/download/wordwrap-1.0.0.tgz",
          "bundled": true
        }
      }
    },
    "p-limit": {
      "version": "1.3.0",
      "resolved": "https://registry.npmjs.org/p-limit/-/p-limit-1.3.0.tgz",
      "integrity": "sha512-vvcXsLAJ9Dr5rQOPk7toZQZJApBl2K4J6dANSsEuh6QI41JYcsS/qhTGa9ErIUUgK3WNQoJYvylxvjqmiqEA9Q==",
      "dev": true,
      "requires": {
        "p-try": "^1.0.0"
      }
    },
    "p-locate": {
      "version": "2.0.0",
      "resolved": "https://registry.npmjs.org/p-locate/-/p-locate-2.0.0.tgz",
      "integrity": "sha1-IKAQOyIqcMj9OcwuWAaA893l7EM=",
      "dev": true,
      "requires": {
        "p-limit": "^1.1.0"
      }
    },
    "p-try": {
      "version": "1.0.0",
      "resolved": "https://registry.npmjs.org/p-try/-/p-try-1.0.0.tgz",
      "integrity": "sha1-y8ec26+P1CKOE/Yh8rGiN8GyB7M=",
      "dev": true
    },
    "parse-json": {
      "version": "2.2.0",
      "resolved": "https://registry.npmjs.org/parse-json/-/parse-json-2.2.0.tgz",
      "integrity": "sha1-9ID0BDTvgHQfhGkJn43qGPVaTck=",
      "dev": true,
      "requires": {
        "error-ex": "^1.2.0"
      }
    },
    "path-exists": {
      "version": "3.0.0",
      "resolved": "https://registry.npmjs.org/path-exists/-/path-exists-3.0.0.tgz",
      "integrity": "sha1-zg6+ql94yxiSXqfYENe1mwEP1RU=",
      "dev": true
    },
    "path-parse": {
      "version": "1.0.6",
      "resolved": "https://registry.npmjs.org/path-parse/-/path-parse-1.0.6.tgz",
      "integrity": "sha512-GSmOT2EbHrINBf9SR7CDELwlJ8AENk3Qn7OikK4nFYAu3Ote2+JYNVvkpAEQm3/TLNEJFD/xZJjzyxg3KBWOzw==",
      "dev": true
    },
    "path-type": {
      "version": "2.0.0",
      "resolved": "https://registry.npmjs.org/path-type/-/path-type-2.0.0.tgz",
      "integrity": "sha1-8BLMuEFbcJb8LaoQVMPXI4lZTHM=",
      "dev": true,
      "requires": {
        "pify": "^2.0.0"
      }
    },
    "pify": {
      "version": "2.3.0",
      "resolved": "https://registry.npmjs.org/pify/-/pify-2.3.0.tgz",
      "integrity": "sha1-7RQaasBDqEnqWISY59yosVMw6Qw=",
      "dev": true
    },
    "pkg-dir": {
      "version": "2.0.0",
      "resolved": "https://registry.npmjs.org/pkg-dir/-/pkg-dir-2.0.0.tgz",
      "integrity": "sha1-9tXREJ4Z1j7fQo4L1X4Sd3YVM0s=",
      "dev": true,
      "requires": {
        "find-up": "^2.1.0"
      }
    },
    "read-pkg": {
      "version": "2.0.0",
      "resolved": "https://registry.npmjs.org/read-pkg/-/read-pkg-2.0.0.tgz",
      "integrity": "sha1-jvHAYjxqbbDcZxPEv6xGMysjaPg=",
      "dev": true,
      "requires": {
        "load-json-file": "^2.0.0",
        "normalize-package-data": "^2.3.2",
        "path-type": "^2.0.0"
      }
    },
    "read-pkg-up": {
      "version": "2.0.0",
      "resolved": "https://registry.npmjs.org/read-pkg-up/-/read-pkg-up-2.0.0.tgz",
      "integrity": "sha1-a3KoBImE4MQeeVEP1en6mbO1Sb4=",
      "dev": true,
      "requires": {
        "find-up": "^2.0.0",
        "read-pkg": "^2.0.0"
      }
    },
    "regexpp": {
      "version": "2.0.1",
      "resolved": "http://registry.npm.taobao.org/regexpp/download/regexpp-2.0.1.tgz",
      "dev": true
    },
    "resolve": {
      "version": "1.10.0",
      "resolved": "https://registry.npmjs.org/resolve/-/resolve-1.10.0.tgz",
      "integrity": "sha512-3sUr9aq5OfSg2S9pNtPA9hL1FVEAjvfOC4leW0SNf/mpnaakz2a9femSd6LqAww2RaFctwyf1lCqnTHuF1rxDg==",
      "dev": true,
      "requires": {
        "path-parse": "^1.0.6"
      }
    },
    "semver": {
      "version": "5.7.0",
      "resolved": "http://registry.npm.taobao.org/semver/download/semver-5.7.0.tgz",
      "dev": true
    },
    "shebang-command": {
      "version": "1.2.0",
      "resolved": "http://registry.npm.taobao.org/shebang-command/download/shebang-command-1.2.0.tgz",
      "dev": true,
      "dependencies": {
        "shebang-regex": {
          "version": "http://registry.npm.taobao.org/shebang-regex/download/shebang-regex-1.0.0.tgz",
          "bundled": true
        }
      }
    },
    "slice-ansi": {
      "version": "2.1.0",
      "resolved": "http://registry.npm.taobao.org/slice-ansi/download/slice-ansi-2.1.0.tgz",
      "dev": true,
      "requires": {
        "is-fullwidth-code-point": "^2.0.0"
      },
      "dependencies": {
        "ansi-styles": {
          "version": "http://registry.npm.taobao.org/ansi-styles/download/ansi-styles-3.2.1.tgz",
          "bundled": true,
          "dependencies": {
            "color-convert": {
              "version": "http://registry.npm.taobao.org/color-convert/download/color-convert-1.9.3.tgz"
            }
          }
        },
        "astral-regex": {
          "version": "http://registry.npm.taobao.org/astral-regex/download/astral-regex-1.0.0.tgz",
          "bundled": true
        },
        "is-fullwidth-code-point": {
          "version": "http://registry.npm.taobao.org/is-fullwidth-code-point/download/is-fullwidth-code-point-2.0.0.tgz",
          "bundled": true
        }
      }
    },
    "spdx-correct": {
      "version": "3.1.0",
      "resolved": "https://registry.npmjs.org/spdx-correct/-/spdx-correct-3.1.0.tgz",
      "integrity": "sha512-lr2EZCctC2BNR7j7WzJ2FpDznxky1sjfxvvYEyzxNyb6lZXHODmEoJeFu4JupYlkfha1KZpJyoqiJ7pgA1qq8Q==",
      "dev": true,
      "requires": {
        "spdx-expression-parse": "^3.0.0",
        "spdx-license-ids": "^3.0.0"
      }
    },
    "spdx-exceptions": {
      "version": "2.2.0",
      "resolved": "https://registry.npmjs.org/spdx-exceptions/-/spdx-exceptions-2.2.0.tgz",
      "integrity": "sha512-2XQACfElKi9SlVb1CYadKDXvoajPgBVPn/gOQLrTvHdElaVhr7ZEbqJaRnJLVNeaI4cMEAgVCeBMKF6MWRDCRA==",
      "dev": true
    },
    "spdx-expression-parse": {
      "version": "3.0.0",
      "resolved": "https://registry.npmjs.org/spdx-expression-parse/-/spdx-expression-parse-3.0.0.tgz",
      "integrity": "sha512-Yg6D3XpRD4kkOmTpdgbUiEJFKghJH03fiC1OPll5h/0sO6neh2jqRDVHOQ4o/LMea0tgCkbMgea5ip/e+MkWyg==",
      "dev": true,
      "requires": {
        "spdx-exceptions": "^2.1.0",
        "spdx-license-ids": "^3.0.0"
      }
    },
    "spdx-license-ids": {
      "version": "3.0.4",
      "resolved": "https://registry.npmjs.org/spdx-license-ids/-/spdx-license-ids-3.0.4.tgz",
      "integrity": "sha512-7j8LYJLeY/Yb6ACbQ7F76qy5jHkp0U6jgBfJsk97bwWlVUnUWsAgpyaCvo17h0/RQGnQ036tVDomiwoI4pDkQA==",
      "dev": true
    },
    "strip-ansi": {
      "version": "5.2.0",
      "resolved": "http://registry.npm.taobao.org/strip-ansi/download/strip-ansi-5.2.0.tgz",
      "dev": true,
      "requires": {
        "ansi-regex": "^4.1.0"
      },
      "dependencies": {
        "ansi-regex": {
          "version": "http://registry.npm.taobao.org/ansi-regex/download/ansi-regex-4.1.0.tgz",
          "bundled": true
        }
      }
    },
    "strip-bom": {
      "version": "3.0.0",
      "resolved": "https://registry.npmjs.org/strip-bom/-/strip-bom-3.0.0.tgz",
      "integrity": "sha1-IzTBjpx1n3vdVv3vfprj1YjmjtM=",
      "dev": true
    },
    "strip-json-comments": {
      "version": "2.0.1",
      "resolved": "http://registry.npm.taobao.org/strip-json-comments/download/strip-json-comments-2.0.1.tgz",
      "dev": true
    },
    "table": {
      "version": "5.2.3",
      "resolved": "http://registry.npm.taobao.org/table/download/table-5.2.3.tgz",
      "dev": true,
      "requires": {
        "lodash": "^4.17.11",
        "slice-ansi": "^2.1.0"
      },
      "dependencies": {
        "ajv": {
          "version": "http://registry.npm.taobao.org/ajv/download/ajv-6.10.0.tgz",
          "bundled": true
        },
        "lodash": {
          "version": "http://registry.npm.taobao.org/lodash/download/lodash-4.17.11.tgz",
          "bundled": true
        },
        "slice-ansi": {
          "version": "http://registry.npm.taobao.org/slice-ansi/download/slice-ansi-2.1.0.tgz",
          "bundled": true
        },
        "string-width": {
          "version": "http://registry.npm.taobao.org/string-width/download/string-width-3.1.0.tgz",
          "bundled": true
        }
      }
    },
    "text-table": {
      "version": "0.2.0",
      "resolved": "http://registry.npm.taobao.org/text-table/download/text-table-0.2.0.tgz",
      "dev": true
    },
    "uri-js": {
      "version": "4.2.2",
      "resolved": "http://registry.npm.taobao.org/uri-js/download/uri-js-4.2.2.tgz",
      "dev": true,
      "dependencies": {
        "punycode": {
          "version": "http://registry.npm.taobao.org/punycode/download/punycode-2.1.1.tgz",
          "bundled": true
        }
      }
    },
    "validate-npm-package-license": {
      "version": "3.0.4",
      "resolved": "https://registry.npmjs.org/validate-npm-package-license/-/validate-npm-package-license-3.0.4.tgz",
      "integrity": "sha512-DpKm2Ui/xN7/HQKCtpZxoRWBhZ9Z0kqtygG8XCgNQ8ZlDnxuQmWhj566j8fN4Cu3/JmbhsDo7fcAJq4s9h27Ew==",
      "dev": true,
      "requires": {
        "spdx-correct": "^3.0.0",
        "spdx-expression-parse": "^3.0.0"
      }
    },
    "which": {
      "version": "1.3.1",
      "resolved": "http://registry.npm.taobao.org/which/download/which-1.3.1.tgz",
      "dev": true,
      "dependencies": {
        "isexe": {
          "version": "http://registry.npm.taobao.org/isexe/download/isexe-2.0.0.tgz",
          "bundled": true
        }
      }
    }
  }
}
